
Microsoft Visual Studio Solution File, Format Version 12.00
# Visual Studio Version 17
VisualStudioVersion = 17.14.36414.22
MinimumVisualStudioVersion = 10.0.40219.1
Project("{2150E333-8FDC-42A3-9474-1A3956D46DE8}") = "Task0", "Task0", "{02EA681E-C7D8-13C7-8484-4AC65E1B71E8}"
EndProject
Project("{FAE04EC0-301F-11D3-BF4B-00C04F79EFBC}") = "Tyuiu.IvanovIA.Sprint4.Task0.V9", "Tyuiu.IvanovIA.Sprint4.Task0.V9\Tyuiu.IvanovIA.Sprint4.Task0.V9.csproj", "{41CCB053-1153-4CBB-A35A-C36987B68284}"
EndProject
Project("{FAE04EC0-301F-11D3-BF4B-00C04F79EFBC}") = "Tyuiu.IvanovIA.Sprint4.Task0.V9.Test", "Tyuiu.IvanovIA.Sprint4.Task0.V9.Test\Tyuiu.IvanovIA.Sprint4.Task0.V9.Test.csproj", "{34113C7E-AD0E-41D7-9016-4C14869EE5F3}"
EndProject
Project("{FAE04EC0-301F-11D3-BF4B-00C04F79EFBC}") = "Tyuiu.IvanovIA.Sprint4.Task0.V9.Lib", "Tyuiu.IvanovIA.Sprint4.Task0.V9.Lib\Tyuiu.IvanovIA.Sprint4.Task0.V9.Lib.csproj", "{7647340A-3422-4957-81B2-822537E29A01}"
EndProject
Project("{2150E333-8FDC-42A3-9474-1A3956D46DE8}") = "Task1", "Task1", "{200CF395-C8D5-495E-AA98-246C0290C8C7}"
EndProject
Project("{FAE04EC0-301F-11D3-BF4B-00C04F79EFBC}") = "Tyuiu.IvanovIA.Sprint4.Task1.V5", "Tyuiu.IvanovIA.Sprint4.Task1.V5\Tyuiu.IvanovIA.Sprint4.Task1.V5.csproj", "{60D6AD16-1C73-4114-B4A8-D22FDE654E01}"
EndProject
Project("{FAE04EC0-301F-11D3-BF4B-00C04F79EFBC}") = "Tyuiu.IvanovIA.Sprint4.Task1.V5.Lib", "Tyuiu.IvanovIA.Sprint4.Task1.V5.Lib\Tyuiu.IvanovIA.Sprint4.Task1.V5.Lib.csproj", "{B0655AA6-11CB-4AFD-8B04-506CBD2F9962}"
EndProject
Project("{FAE04EC0-301F-11D3-BF4B-00C04F79EFBC}") = "Tyuiu.IvanovIA.Sprint4.Task1.V5.Test", "Tyuiu.IvanovIA.Sprint4.Task1.V5.Test\Tyuiu.IvanovIA.Sprint4.Task1.V5.Test.csproj", "{47E6BE61-0957-4F80-B2F4-523903E3BA60}"
EndProject
Project("{2150E333-8FDC-42A3-9474-1A3956D46DE8}") = "Task2", "Task2", "{51EB0A6B-38CA-4700-BD8B-4FD88D13E1AC}"
EndProject
Project("{FAE04EC0-301F-11D3-BF4B-00C04F79EFBC}") = "Tyuiu.IvanovIA.Sprint4.Task2.V16", "Tyuiu.IvanovIA.Sprint4.Task2.V16\Tyuiu.IvanovIA.Sprint4.Task2.V16.csproj", "{2F5F408E-95F6-4061-B407-2D770AFC8B8F}"
EndProject
Project("{FAE04EC0-301F-11D3-BF4B-00C04F79EFBC}") = "Tyuiu.IvanovIA.Sprint4.Task2.V16.Test", "Tyuiu.IvanovIA.Sprint4.Task2.V16.Test\Tyuiu.IvanovIA.Sprint4.Task2.V16.Test.csproj", "{AD82068C-EACB-4B87-B47D-7EF1BAFA0753}"
EndProject
Project("{FAE04EC0-301F-11D3-BF4B-00C04F79EFBC}") = "Tyuiu.IvanovIA.Sprint4.Task2.V16.Lib", "Tyuiu.IvanovIA.Sprint4.Task2.V16.Lib\Tyuiu.IvanovIA.Sprint4.Task2.V16.Lib.csproj", "{23B49DD2-94E7-4E05-9FCE-6F48C774209C}"
EndProject
Project("{2150E333-8FDC-42A3-9474-1A3956D46DE8}") = "Task3", "Task3", "{52635A8B-0CD8-43CE-A04E-A7895A4C0797}"
EndProject
Project("{FAE04EC0-301F-11D3-BF4B-00C04F79EFBC}") = "Tyuiu.IvanovIA.Sprint4.Task3.V15", "Tyuiu.IvanovIA.Sprint4.Task3.V15\Tyuiu.IvanovIA.Sprint4.Task3.V15.csproj", "{21F79225-0894-4D0B-A0FE-4001B77C9D68}"
EndProject
Project("{FAE04EC0-301F-11D3-BF4B-00C04F79EFBC}") = "Tyuiu.IvanovIA.Sprint4.Task3.V15.Lib", "Tyuiu.IvanovIA.Sprint4.Task3.V15.Lib\Tyuiu.IvanovIA.Sprint4.Task3.V15.Lib.csproj", "{A0D944A7-04AC-4945-8008-3BF87BF77C79}"
EndProject
Project("{FAE04EC0-301F-11D3-BF4B-00C04F79EFBC}") = "Tyuiu.IvanovIA.Sprint4.Task3.V15.Test", "Tyuiu.IvanovIA.Sprint4.Task3.V15.Test\Tyuiu.IvanovIA.Sprint4.Task3.V15.Test.csproj", "{2A716567-6741-4603-B41E-7BEA02832385}"
EndProject
Project("{2150E333-8FDC-42A3-9474-1A3956D46DE8}") = "Task4", "Task4", "{D1392B12-DD7C-475F-A0C0-99149C02CD34}"
EndProject
Project("{FAE04EC0-301F-11D3-BF4B-00C04F79EFBC}") = "Tyuiu.IvanovIA.Sprint4.Task4.V8", "Tyuiu.IvanovIA.Sprint4.Task4.V8\Tyuiu.IvanovIA.Sprint4.Task4.V8.csproj", "{C2A17588-D14B-4640-9DBC-3EC2291FA9BA}"
EndProject
Project("{FAE04EC0-301F-11D3-BF4B-00C04F79EFBC}") = "Tyuiu.IvanovIA.Sprint4.Task4.V8.Lib", "Tyuiu.IvanovIA.Sprint4.Task4.V8.Lib\Tyuiu.IvanovIA.Sprint4.Task4.V8.Lib.csproj", "{C7ABE2E7-5161-44F6-8B9E-3F5E0BCF0E4A}"
EndProject
Project("{FAE04EC0-301F-11D3-BF4B-00C04F79EFBC}") = "Tyuiu.IvanovIA.Sprint4.Task4.V8.Test", "Tyuiu.IvanovIA.Sprint4.Task4.V8.Test\Tyuiu.IvanovIA.Sprint4.Task4.V8.Test.csproj", "{C6EB1E5F-2406-4C98-B275-9650728E1F4F}"
EndProject
Project("{2150E333-8FDC-42A3-9474-1A3956D46DE8}") = "Task5", "Task5", "{6D57ECC8-79E7-437B-88F0-62C93B562B88}"
EndProject
Project("{FAE04EC0-301F-11D3-BF4B-00C04F79EFBC}") = "Tyuiu.IvanovIA.Sprint4.Task5.V3", "Tyuiu.IvanovIA.Sprint4.Task5.V3\Tyuiu.IvanovIA.Sprint4.Task5.V3.csproj", "{22A9E421-0F39-43EC-8FFA-03B3F27271DB}"
EndProject
Project("{FAE04EC0-301F-11D3-BF4B-00C04F79EFBC}") = "Tyuiu.IvanovIA.Sprint4.Task5.V3.Lib", "Tyuiu.IvanovIA.Sprint4.Task5.V3.Lib\Tyuiu.IvanovIA.Sprint4.Task5.V3.Lib.csproj", "{D2C5FC3D-3C58-4C4F-AA54-990C38C12559}"
EndProject
Project("{FAE04EC0-301F-11D3-BF4B-00C04F79EFBC}") = "Tyuiu.IvanovIA.Sprint4.Task5.V3.Test", "Tyuiu.IvanovIA.Sprint4.Task5.V3.Test\Tyuiu.IvanovIA.Sprint4.Task5.V3.Test.csproj", "{3299C9B4-7CA9-46FB-B58F-7023DD702C43}"
EndProject
Project("{2150E333-8FDC-42A3-9474-1A3956D46DE8}") = "Task6", "Task6", "{E0D1A0CB-07DA-455C-8482-0EA132193321}"
EndProject
Project("{FAE04EC0-301F-11D3-BF4B-00C04F79EFBC}") = "Tyuiu.IvanovIA.Sprint4.Task6.V7", "Tyuiu.IvanovIA.Sprint4.Task6.V7\Tyuiu.IvanovIA.Sprint4.Task6.V7.csproj", "{941297E7-652A-48CE-AC5F-E6BB57E9C0F8}"
EndProject
Project("{FAE04EC0-301F-11D3-BF4B-00C04F79EFBC}") = "Tyuiu.IvanovIA.Sprint4.Task6.V7.Test", "Tyuiu.IvanovIA.Sprint4.Task6.V7.Test\Tyuiu.IvanovIA.Sprint4.Task6.V7.Test.csproj", "{C5E3030A-FDBC-43EC-A988-9CFA3AB8B796}"
EndProject
Project("{FAE04EC0-301F-11D3-BF4B-00C04F79EFBC}") = "Tyuiu.IvanovIA.Sprint4.Task6.V7.Lib", "Tyuiu.IvanovIA.Sprint4.Task6.V7.Lib\Tyuiu.IvanovIA.Sprint4.Task6.V7.Lib.csproj", "{775A22BD-99B0-41C9-9123-F105D514AB31}"
EndProject
Project("{2150E333-8FDC-42A3-9474-1A3956D46DE8}") = "Task7", "Task7", "{A40B7822-4093-4D03-8FA8-E4A7ED95236C}"
EndProject
Project("{FAE04EC0-301F-11D3-BF4B-00C04F79EFBC}") = "Tyuiu.IvanovIA.Sprint4.Task7.V18", "Tyuiu.IvanovIA.Sprint4.Task7.V18\Tyuiu.IvanovIA.Sprint4.Task7.V18.csproj", "{E815FD1A-48DC-4E89-88C2-819BC8AA4C1A}"
EndProject
Project("{FAE04EC0-301F-11D3-BF4B-00C04F79EFBC}") = "Tyuiu.IvanovIA.Sprint4.Task7.V18.Lib", "Tyuiu.IvanovIA.Sprint4.Task7.V18.Lib\Tyuiu.IvanovIA.Sprint4.Task7.V18.Lib.csproj", "{7387A9E0-7D08-4091-80D0-392B151620E0}"
EndProject
Project("{FAE04EC0-301F-11D3-BF4B-00C04F79EFBC}") = "Tyuiu.IvanovIA.Sprint4.Task7.V18.Test", "Tyuiu.IvanovIA.Sprint4.Task7.V18.Test\Tyuiu.IvanovIA.Sprint4.Task7.V18.Test.csproj", "{C60AAC41-C1C1-4C2B-A9BE-3EB6121976A5}"
EndProject
Global
	GlobalSection(SolutionConfigurationPlatforms) = preSolution
		Debug|Any CPU = Debug|Any CPU
		Release|Any CPU = Release|Any CPU
	EndGlobalSection
	GlobalSection(ProjectConfigurationPlatforms) = postSolution
		{41CCB053-1153-4CBB-A35A-C36987B68284}.Debug|Any CPU.ActiveCfg = Debug|Any CPU
		{41CCB053-1153-4CBB-A35A-C36987B68284}.Debug|Any CPU.Build.0 = Debug|Any CPU
		{41CCB053-1153-4CBB-A35A-C36987B68284}.Release|Any CPU.ActiveCfg = Release|Any CPU
		{41CCB053-1153-4CBB-A35A-C36987B68284}.Release|Any CPU.Build.0 = Release|Any CPU
		{34113C7E-AD0E-41D7-9016-4C14869EE5F3}.Debug|Any CPU.ActiveCfg = Debug|Any CPU
		{34113C7E-AD0E-41D7-9016-4C14869EE5F3}.Debug|Any CPU.Build.0 = Debug|Any CPU
		{34113C7E-AD0E-41D7-9016-4C14869EE5F3}.Release|Any CPU.ActiveCfg = Release|Any CPU
		{34113C7E-AD0E-41D7-9016-4C14869EE5F3}.Release|Any CPU.Build.0 = Release|Any CPU
		{7647340A-3422-4957-81B2-822537E29A01}.Debug|Any CPU.ActiveCfg = Debug|Any CPU
		{7647340A-3422-4957-81B2-822537E29A01}.Debug|Any CPU.Build.0 = Debug|Any CPU
		{7647340A-3422-4957-81B2-822537E29A01}.Release|Any CPU.ActiveCfg = Release|Any CPU
		{7647340A-3422-4957-81B2-822537E29A01}.Release|Any CPU.Build.0 = Release|Any CPU
		{60D6AD16-1C73-4114-B4A8-D22FDE654E01}.Debug|Any CPU.ActiveCfg = Debug|Any CPU
		{60D6AD16-1C73-4114-B4A8-D22FDE654E01}.Debug|Any CPU.Build.0 = Debug|Any CPU
		{60D6AD16-1C73-4114-B4A8-D22FDE654E01}.Release|Any CPU.ActiveCfg = Release|Any CPU
		{60D6AD16-1C73-4114-B4A8-D22FDE654E01}.Release|Any CPU.Build.0 = Release|Any CPU
		{B0655AA6-11CB-4AFD-8B04-506CBD2F9962}.Debug|Any CPU.ActiveCfg = Debug|Any CPU
		{B0655AA6-11CB-4AFD-8B04-506CBD2F9962}.Debug|Any CPU.Build.0 = Debug|Any CPU
		{B0655AA6-11CB-4AFD-8B04-506CBD2F9962}.Release|Any CPU.ActiveCfg = Release|Any CPU
		{B0655AA6-11CB-4AFD-8B04-506CBD2F9962}.Release|Any CPU.Build.0 = Release|Any CPU
		{47E6BE61-0957-4F80-B2F4-523903E3BA60}.Debug|Any CPU.ActiveCfg = Debug|Any CPU
		{47E6BE61-0957-4F80-B2F4-523903E3BA60}.Debug|Any CPU.Build.0 = Debug|Any CPU
		{47E6BE61-0957-4F80-B2F4-523903E3BA60}.Release|Any CPU.ActiveCfg = Release|Any CPU
		{47E6BE61-0957-4F80-B2F4-523903E3BA60}.Release|Any CPU.Build.0 = Release|Any CPU
		{2F5F408E-95F6-4061-B407-2D770AFC8B8F}.Debug|Any CPU.ActiveCfg = Debug|Any CPU
		{2F5F408E-95F6-4061-B407-2D770AFC8B8F}.Debug|Any CPU.Build.0 = Debug|Any CPU
		{2F5F408E-95F6-4061-B407-2D770AFC8B8F}.Release|Any CPU.ActiveCfg = Release|Any CPU
		{2F5F408E-95F6-4061-B407-2D770AFC8B8F}.Release|Any CPU.Build.0 = Release|Any CPU
		{AD82068C-EACB-4B87-B47D-7EF1BAFA0753}.Debug|Any CPU.ActiveCfg = Debug|Any CPU
		{AD82068C-EACB-4B87-B47D-7EF1BAFA0753}.Debug|Any CPU.Build.0 = Debug|Any CPU
		{AD82068C-EACB-4B87-B47D-7EF1BAFA0753}.Release|Any CPU.ActiveCfg = Release|Any CPU
		{AD82068C-EACB-4B87-B47D-7EF1BAFA0753}.Release|Any CPU.Build.0 = Release|Any CPU
		{23B49DD2-94E7-4E05-9FCE-6F48C774209C}.Debug|Any CPU.ActiveCfg = Debug|Any CPU
		{23B49DD2-94E7-4E05-9FCE-6F48C774209C}.Debug|Any CPU.Build.0 = Debug|Any CPU
		{23B49DD2-94E7-4E05-9FCE-6F48C774209C}.Release|Any CPU.ActiveCfg = Release|Any CPU
		{23B49DD2-94E7-4E05-9FCE-6F48C774209C}.Release|Any CPU.Build.0 = Release|Any CPU
		{21F79225-0894-4D0B-A0FE-4001B77C9D68}.Debug|Any CPU.ActiveCfg = Debug|Any CPU
		{21F79225-0894-4D0B-A0FE-4001B77C9D68}.Debug|Any CPU.Build.0 = Debug|Any CPU
		{21F79225-0894-4D0B-A0FE-4001B77C9D68}.Release|Any CPU.ActiveCfg = Release|Any CPU
		{21F79225-0894-4D0B-A0FE-4001B77C9D68}.Release|Any CPU.Build.0 = Release|Any CPU
		{A0D944A7-04AC-4945-8008-3BF87BF77C79}.Debug|Any CPU.ActiveCfg = Debug|Any CPU
		{A0D944A7-04AC-4945-8008-3BF87BF77C79}.Debug|Any CPU.Build.0 = Debug|Any CPU
		{A0D944A7-04AC-4945-8008-3BF87BF77C79}.Release|Any CPU.ActiveCfg = Release|Any CPU
		{A0D944A7-04AC-4945-8008-3BF87BF77C79}.Release|Any CPU.Build.0 = Release|Any CPU
		{2A716567-6741-4603-B41E-7BEA02832385}.Debug|Any CPU.ActiveCfg = Debug|Any CPU
		{2A716567-6741-4603-B41E-7BEA02832385}.Debug|Any CPU.Build.0 = Debug|Any CPU
		{2A716567-6741-4603-B41E-7BEA02832385}.Release|Any CPU.ActiveCfg = Release|Any CPU
		{2A716567-6741-4603-B41E-7BEA02832385}.Release|Any CPU.Build.0 = Release|Any CPU
		{C2A17588-D14B-4640-9DBC-3EC2291FA9BA}.Debug|Any CPU.ActiveCfg = Debug|Any CPU
		{C2A17588-D14B-4640-9DBC-3EC2291FA9BA}.Debug|Any CPU.Build.0 = Debug|Any CPU
		{C2A17588-D14B-4640-9DBC-3EC2291FA9BA}.Release|Any CPU.ActiveCfg = Release|Any CPU
		{C2A17588-D14B-4640-9DBC-3EC2291FA9BA}.Release|Any CPU.Build.0 = Release|Any CPU
		{C7ABE2E7-5161-44F6-8B9E-3F5E0BCF0E4A}.Debug|Any CPU.ActiveCfg = Debug|Any CPU
		{C7ABE2E7-5161-44F6-8B9E-3F5E0BCF0E4A}.Debug|Any CPU.Build.0 = Debug|Any CPU
		{C7ABE2E7-5161-44F6-8B9E-3F5E0BCF0E4A}.Release|Any CPU.ActiveCfg = Release|Any CPU
		{C7ABE2E7-5161-44F6-8B9E-3F5E0BCF0E4A}.Release|Any CPU.Build.0 = Release|Any CPU
		{C6EB1E5F-2406-4C98-B275-9650728E1F4F}.Debug|Any CPU.ActiveCfg = Debug|Any CPU
		{C6EB1E5F-2406-4C98-B275-9650728E1F4F}.Debug|Any CPU.Build.0 = Debug|Any CPU
		{C6EB1E5F-2406-4C98-B275-9650728E1F4F}.Release|Any CPU.ActiveCfg = Release|Any CPU
		{C6EB1E5F-2406-4C98-B275-9650728E1F4F}.Release|Any CPU.Build.0 = Release|Any CPU
		{22A9E421-0F39-43EC-8FFA-03B3F27271DB}.Debug|Any CPU.ActiveCfg = Debug|Any CPU
		{22A9E421-0F39-43EC-8FFA-03B3F27271DB}.Debug|Any CPU.Build.0 = Debug|Any CPU
		{22A9E421-0F39-43EC-8FFA-03B3F27271DB}.Release|Any CPU.ActiveCfg = Release|Any CPU
		{22A9E421-0F39-43EC-8FFA-03B3F27271DB}.Release|Any CPU.Build.0 = Release|Any CPU
		{D2C5FC3D-3C58-4C4F-AA54-990C38C12559}.Debug|Any CPU.ActiveCfg = Debug|Any CPU
		{D2C5FC3D-3C58-4C4F-AA54-990C38C12559}.Debug|Any CPU.Build.0 = Debug|Any CPU
		{D2C5FC3D-3C58-4C4F-AA54-990C38C12559}.Release|Any CPU.ActiveCfg = Release|Any CPU
		{D2C5FC3D-3C58-4C4F-AA54-990C38C12559}.Release|Any CPU.Build.0 = Release|Any CPU
		{3299C9B4-7CA9-46FB-B58F-7023DD702C43}.Debug|Any CPU.ActiveCfg = Debug|Any CPU
		{3299C9B4-7CA9-46FB-B58F-7023DD702C43}.Debug|Any CPU.Build.0 = Debug|Any CPU
		{3299C9B4-7CA9-46FB-B58F-7023DD702C43}.Release|Any CPU.ActiveCfg = Release|Any CPU
		{3299C9B4-7CA9-46FB-B58F-7023DD702C43}.Release|Any CPU.Build.0 = Release|Any CPU
		{941297E7-652A-48CE-AC5F-E6BB57E9C0F8}.Debug|Any CPU.ActiveCfg = Debug|Any CPU
		{941297E7-652A-48CE-AC5F-E6BB57E9C0F8}.Debug|Any CPU.Build.0 = Debug|Any CPU
		{941297E7-652A-48CE-AC5F-E6BB57E9C0F8}.Release|Any CPU.ActiveCfg = Release|Any CPU
		{941297E7-652A-48CE-AC5F-E6BB57E9C0F8}.Release|Any CPU.Build.0 = Release|Any CPU
		{C5E3030A-FDBC-43EC-A988-9CFA3AB8B796}.Debug|Any CPU.ActiveCfg = Debug|Any CPU
		{C5E3030A-FDBC-43EC-A988-9CFA3AB8B796}.Debug|Any CPU.Build.0 = Debug|Any CPU
		{C5E3030A-FDBC-43EC-A988-9CFA3AB8B796}.Release|Any CPU.ActiveCfg = Release|Any CPU
		{C5E3030A-FDBC-43EC-A988-9CFA3AB8B796}.Release|Any CPU.Build.0 = Release|Any CPU
		{775A22BD-99B0-41C9-9123-F105D514AB31}.Debug|Any CPU.ActiveCfg = Debug|Any CPU
		{775A22BD-99B0-41C9-9123-F105D514AB31}.Debug|Any CPU.Build.0 = Debug|Any CPU
		{775A22BD-99B0-41C9-9123-F105D514AB31}.Release|Any CPU.ActiveCfg = Release|Any CPU
		{775A22BD-99B0-41C9-9123-F105D514AB31}.Release|Any CPU.Build.0 = Release|Any CPU
		{E815FD1A-48DC-4E89-88C2-819BC8AA4C1A}.Debug|Any CPU.ActiveCfg = Debug|Any CPU
		{E815FD1A-48DC-4E89-88C2-819BC8AA4C1A}.Debug|Any CPU.Build.0 = Debug|Any CPU
		{E815FD1A-48DC-4E89-88C2-819BC8AA4C1A}.Release|Any CPU.ActiveCfg = Release|Any CPU
		{E815FD1A-48DC-4E89-88C2-819BC8AA4C1A}.Release|Any CPU.Build.0 = Release|Any CPU
		{7387A9E0-7D08-4091-80D0-392B151620E0}.Debug|Any CPU.ActiveCfg = Debug|Any CPU
		{7387A9E0-7D08-4091-80D0-392B151620E0}.Debug|Any CPU.Build.0 = Debug|Any CPU
		{7387A9E0-7D08-4091-80D0-392B151620E0}.Release|Any CPU.ActiveCfg = Release|Any CPU
		{7387A9E0-7D08-4091-80D0-392B151620E0}.Release|Any CPU.Build.0 = Release|Any CPU
		{C60AAC41-C1C1-4C2B-A9BE-3EB6121976A5}.Debug|Any CPU.ActiveCfg = Debug|Any CPU
		{C60AAC41-C1C1-4C2B-A9BE-3EB6121976A5}.Debug|Any CPU.Build.0 = Debug|Any CPU
		{C60AAC41-C1C1-4C2B-A9BE-3EB6121976A5}.Release|Any CPU.ActiveCfg = Release|Any CPU
		{C60AAC41-C1C1-4C2B-A9BE-3EB6121976A5}.Release|Any CPU.Build.0 = Release|Any CPU
	EndGlobalSection
	GlobalSection(SolutionProperties) = preSolution
		HideSolutionNode = FALSE
	EndGlobalSection
	GlobalSection(NestedProjects) = preSolution
		{41CCB053-1153-4CBB-A35A-C36987B68284} = {02EA681E-C7D8-13C7-8484-4AC65E1B71E8}
		{34113C7E-AD0E-41D7-9016-4C14869EE5F3} = {02EA681E-C7D8-13C7-8484-4AC65E1B71E8}
		{7647340A-3422-4957-81B2-822537E29A01} = {02EA681E-C7D8-13C7-8484-4AC65E1B71E8}
		{60D6AD16-1C73-4114-B4A8-D22FDE654E01} = {200CF395-C8D5-495E-AA98-246C0290C8C7}
		{B0655AA6-11CB-4AFD-8B04-506CBD2F9962} = {200CF395-C8D5-495E-AA98-246C0290C8C7}
		{47E6BE61-0957-4F80-B2F4-523903E3BA60} = {200CF395-C8D5-495E-AA98-246C0290C8C7}
		{2F5F408E-95F6-4061-B407-2D770AFC8B8F} = {51EB0A6B-38CA-4700-BD8B-4FD88D13E1AC}
		{AD82068C-EACB-4B87-B47D-7EF1BAFA0753} = {51EB0A6B-38CA-4700-BD8B-4FD88D13E1AC}
		{23B49DD2-94E7-4E05-9FCE-6F48C774209C} = {51EB0A6B-38CA-4700-BD8B-4FD88D13E1AC}
		{21F79225-0894-4D0B-A0FE-4001B77C9D68} = {52635A8B-0CD8-43CE-A04E-A7895A4C0797}
		{A0D944A7-04AC-4945-8008-3BF87BF77C79} = {52635A8B-0CD8-43CE-A04E-A7895A4C0797}
		{2A716567-6741-4603-B41E-7BEA02832385} = {52635A8B-0CD8-43CE-A04E-A7895A4C0797}
		{C2A17588-D14B-4640-9DBC-3EC2291FA9BA} = {D1392B12-DD7C-475F-A0C0-99149C02CD34}
		{C7ABE2E7-5161-44F6-8B9E-3F5E0BCF0E4A} = {D1392B12-DD7C-475F-A0C0-99149C02CD34}
		{C6EB1E5F-2406-4C98-B275-9650728E1F4F} = {D1392B12-DD7C-475F-A0C0-99149C02CD34}
		{22A9E421-0F39-43EC-8FFA-03B3F27271DB} = {6D57ECC8-79E7-437B-88F0-62C93B562B88}
		{D2C5FC3D-3C58-4C4F-AA54-990C38C12559} = {6D57ECC8-79E7-437B-88F0-62C93B562B88}
		{3299C9B4-7CA9-46FB-B58F-7023DD702C43} = {6D57ECC8-79E7-437B-88F0-62C93B562B88}
		{941297E7-652A-48CE-AC5F-E6BB57E9C0F8} = {E0D1A0CB-07DA-455C-8482-0EA132193321}
		{C5E3030A-FDBC-43EC-A988-9CFA3AB8B796} = {E0D1A0CB-07DA-455C-8482-0EA132193321}
		{775A22BD-99B0-41C9-9123-F105D514AB31} = {E0D1A0CB-07DA-455C-8482-0EA132193321}
		{E815FD1A-48DC-4E89-88C2-819BC8AA4C1A} = {A40B7822-4093-4D03-8FA8-E4A7ED95236C}
		{7387A9E0-7D08-4091-80D0-392B151620E0} = {A40B7822-4093-4D03-8FA8-E4A7ED95236C}
		{C60AAC41-C1C1-4C2B-A9BE-3EB6121976A5} = {A40B7822-4093-4D03-8FA8-E4A7ED95236C}
	EndGlobalSection
	GlobalSection(ExtensibilityGlobals) = postSolution
		SolutionGuid = {F2A06E67-8306-48C8-8E56-3C019661F5F5}
	EndGlobalSection
EndGlobal
